
Microsoft Visual Studio Solution File, Format Version 12.00
# Visual Studio Version 17
VisualStudioVersion = 17.3.32901.215
MinimumVisualStudioVersion = 10.0.40219.1
Project("{FAE04EC0-301F-11D3-BF4B-00C04F79EFBC}") = "homework", "homework.csproj", "{E1280C21-A98B-46C3-ABDF-484220921478}"
EndProject
Global
	GlobalSection(SolutionConfigurationPlatforms) = preSolution
		Debug|Any CPU = Debug|Any CPU
		Release|Any CPU = Release|Any CPU
	EndGlobalSection
	GlobalSection(ProjectConfigurationPlatforms) = postSolution
		{E1280C21-A98B-46C3-ABDF-484220921478}.Debug|Any CPU.ActiveCfg = Debug|Any CPU
		{E1280C21-A98B-46C3-ABDF-484220921478}.Debug|Any CPU.Build.0 = Debug|Any CPU
		{E1280C21-A98B-46C3-ABDF-484220921478}.Release|Any CPU.ActiveCfg = Release|Any CPU
		{E1280C21-A98B-46C3-ABDF-484220921478}.Release|Any CPU.Build.0 = Release|Any CPU
	EndGlobalSection
	GlobalSection(SolutionProperties) = preSolution
		HideSolutionNode = FALSE
	EndGlobalSection
	GlobalSection(ExtensibilityGlobals) = postSolution
		SolutionGuid = {21C3A93B-C229-44E9-87FF-43EA420974E9}
	EndGlobalSection
EndGlobal
